
Microsoft Visual Studio Solution File, Format Version 12.00
# Visual Studio 15
VisualStudioVersion = 15.0.27703.2035
MinimumVisualStudioVersion = 10.0.40219.1
Project("{FAE04EC0-301F-11D3-BF4B-00C04F79EFBC}") = "OpenTourClient", "WpfApp1\OpenTourClient.csproj", "{0F24D37F-A805-44DD-950F-BD1855CD86DC}"
EndProject
Project("{9A19103F-16F7-4668-BE54-9A1E7A4F7556}") = "OpenTourUtils", "OpenTourUtils\OpenTourUtils.csproj", "{AB5E66CC-15D5-4438-A467-6AC6A86E21A3}"
EndProject
Project("{FAE04EC0-301F-11D3-BF4B-00C04F79EFBC}") = "OpenTourClientTests", "OpenTourClientTests\OpenTourClientTests.csproj", "{CE387D6F-ABC5-42A8-BFC1-218C3CB7BFA0}"
EndProject
Project("{FAE04EC0-301F-11D3-BF4B-00C04F79EFBC}") = "OpenTourModel", "OpenTourModel\OpenTourModel.csproj", "{0A4C6B33-04F5-48AD-9A16-C995C2D84C4E}"
EndProject
Project("{FAE04EC0-301F-11D3-BF4B-00C04F79EFBC}") = "OpenTourInterfaces", "OpenTourInterfaces\OpenTourInterfaces.csproj", "{238C6B15-1D5F-4B4A-83F4-933A86165E84}"
EndProject
Global
	GlobalSection(SolutionConfigurationPlatforms) = preSolution
		Debug|Any CPU = Debug|Any CPU
		Release|Any CPU = Release|Any CPU
	EndGlobalSection
	GlobalSection(ProjectConfigurationPlatforms) = postSolution
		{0F24D37F-A805-44DD-950F-BD1855CD86DC}.Debug|Any CPU.ActiveCfg = Debug|Any CPU
		{0F24D37F-A805-44DD-950F-BD1855CD86DC}.Debug|Any CPU.Build.0 = Debug|Any CPU
		{0F24D37F-A805-44DD-950F-BD1855CD86DC}.Release|Any CPU.ActiveCfg = Release|Any CPU
		{0F24D37F-A805-44DD-950F-BD1855CD86DC}.Release|Any CPU.Build.0 = Release|Any CPU
		{AB5E66CC-15D5-4438-A467-6AC6A86E21A3}.Debug|Any CPU.ActiveCfg = Debug|Any CPU
		{AB5E66CC-15D5-4438-A467-6AC6A86E21A3}.Debug|Any CPU.Build.0 = Debug|Any CPU
		{AB5E66CC-15D5-4438-A467-6AC6A86E21A3}.Release|Any CPU.ActiveCfg = Release|Any CPU
		{AB5E66CC-15D5-4438-A467-6AC6A86E21A3}.Release|Any CPU.Build.0 = Release|Any CPU
		{CE387D6F-ABC5-42A8-BFC1-218C3CB7BFA0}.Debug|Any CPU.ActiveCfg = Debug|Any CPU
		{CE387D6F-ABC5-42A8-BFC1-218C3CB7BFA0}.Debug|Any CPU.Build.0 = Debug|Any CPU
		{CE387D6F-ABC5-42A8-BFC1-218C3CB7BFA0}.Release|Any CPU.ActiveCfg = Release|Any CPU
		{CE387D6F-ABC5-42A8-BFC1-218C3CB7BFA0}.Release|Any CPU.Build.0 = Release|Any CPU
		{0A4C6B33-04F5-48AD-9A16-C995C2D84C4E}.Debug|Any CPU.ActiveCfg = Debug|Any CPU
		{0A4C6B33-04F5-48AD-9A16-C995C2D84C4E}.Debug|Any CPU.Build.0 = Debug|Any CPU
		{0A4C6B33-04F5-48AD-9A16-C995C2D84C4E}.Release|Any CPU.ActiveCfg = Release|Any CPU
		{0A4C6B33-04F5-48AD-9A16-C995C2D84C4E}.Release|Any CPU.Build.0 = Release|Any CPU
		{238C6B15-1D5F-4B4A-83F4-933A86165E84}.Debug|Any CPU.ActiveCfg = Debug|Any CPU
		{238C6B15-1D5F-4B4A-83F4-933A86165E84}.Debug|Any CPU.Build.0 = Debug|Any CPU
		{238C6B15-1D5F-4B4A-83F4-933A86165E84}.Release|Any CPU.ActiveCfg = Release|Any CPU
		{238C6B15-1D5F-4B4A-83F4-933A86165E84}.Release|Any CPU.Build.0 = Release|Any CPU
	EndGlobalSection
	GlobalSection(SolutionProperties) = preSolution
		HideSolutionNode = FALSE
	EndGlobalSection
	GlobalSection(ExtensibilityGlobals) = postSolution
		SolutionGuid = {6E1D628F-0A6F-4FD9-B149-296C524B30A9}
	EndGlobalSection
EndGlobal
