
Microsoft Visual Studio Solution File, Format Version 12.00
# Visual Studio 15
VisualStudioVersion = 15.0.27703.2035
MinimumVisualStudioVersion = 10.0.40219.1
Project("{FAE04EC0-301F-11D3-BF4B-00C04F79EFBC}") = "OpenTourClient", "WpfApp1\OpenTourClient.csproj", "{0F24D37F-A805-44DD-950F-BD1855CD86DC}"
EndProject
Project("{9A19103F-16F7-4668-BE54-9A1E7A4F7556}") = "OpenTourUtils", "OpenTourUtils\OpenTourUtils.csproj", "{AB5E66CC-15D5-4438-A467-6AC6A86E21A3}"
EndProject
Project("{FAE04EC0-301F-11D3-BF4B-00C04F79EFBC}") = "OpenTourClientTests", "OpenTourClientTests\OpenTourClientTests.csproj", "{CE387D6F-ABC5-42A8-BFC1-218C3CB7BFA0}"
EndProject
Project("{9A19103F-16F7-4668-BE54-9A1E7A4F7556}") = "OpenTourModel", "OpenTourModel\OpenTourModel.csproj", "{0A4C6B33-04F5-48AD-9A16-C995C2D84C4E}"
EndProject
Project("{9A19103F-16F7-4668-BE54-9A1E7A4F7556}") = "OpenTourInterfaces", "OpenTourInterfaces\OpenTourInterfaces.csproj", "{238C6B15-1D5F-4B4A-83F4-933A86165E84}"
EndProject
Project("{FAE04EC0-301F-11D3-BF4B-00C04F79EFBC}") = "OpenTourTourService", "OpenTourTourService\OpenTourTourService.csproj", "{C42B657A-B224-4235-BCAF-0729A39D479B}"
EndProject
Project("{FAE04EC0-301F-11D3-BF4B-00C04F79EFBC}") = "OpenTourTourRepository", "OpenTourTourRepository\OpenTourTourRepository.csproj", "{F4DEDD9F-8672-4040-B162-3A5FD15A2C51}"
EndProject
Project("{2150E333-8FDC-42A3-9474-1A3956D46DE8}") = "Tests", "Tests", "{707CFE21-048E-40DB-8B56-B45E20E9FD5D}"
EndProject
Project("{2150E333-8FDC-42A3-9474-1A3956D46DE8}") = "Services", "Services", "{18B9FA94-7E19-4C67-B141-088A07C61586}"
EndProject
Project("{2150E333-8FDC-42A3-9474-1A3956D46DE8}") = "Models", "Models", "{EC53EB4B-54C7-4719-B1A3-4A3111336102}"
EndProject
Project("{2150E333-8FDC-42A3-9474-1A3956D46DE8}") = "Repositories", "Repositories", "{1471A465-431B-4951-8989-A32CF0B46264}"
EndProject
Project("{2150E333-8FDC-42A3-9474-1A3956D46DE8}") = "Other", "Other", "{EE4E770F-9FE8-433C-88AF-1B734F54B356}"
EndProject
Global
	GlobalSection(SolutionConfigurationPlatforms) = preSolution
		Debug|Any CPU = Debug|Any CPU
		Release|Any CPU = Release|Any CPU
	EndGlobalSection
	GlobalSection(ProjectConfigurationPlatforms) = postSolution
		{0F24D37F-A805-44DD-950F-BD1855CD86DC}.Debug|Any CPU.ActiveCfg = Debug|Any CPU
		{0F24D37F-A805-44DD-950F-BD1855CD86DC}.Debug|Any CPU.Build.0 = Debug|Any CPU
		{0F24D37F-A805-44DD-950F-BD1855CD86DC}.Release|Any CPU.ActiveCfg = Release|Any CPU
		{0F24D37F-A805-44DD-950F-BD1855CD86DC}.Release|Any CPU.Build.0 = Release|Any CPU
		{AB5E66CC-15D5-4438-A467-6AC6A86E21A3}.Debug|Any CPU.ActiveCfg = Debug|Any CPU
		{AB5E66CC-15D5-4438-A467-6AC6A86E21A3}.Debug|Any CPU.Build.0 = Debug|Any CPU
		{AB5E66CC-15D5-4438-A467-6AC6A86E21A3}.Release|Any CPU.ActiveCfg = Release|Any CPU
		{AB5E66CC-15D5-4438-A467-6AC6A86E21A3}.Release|Any CPU.Build.0 = Release|Any CPU
		{CE387D6F-ABC5-42A8-BFC1-218C3CB7BFA0}.Debug|Any CPU.ActiveCfg = Debug|Any CPU
		{CE387D6F-ABC5-42A8-BFC1-218C3CB7BFA0}.Debug|Any CPU.Build.0 = Debug|Any CPU
		{CE387D6F-ABC5-42A8-BFC1-218C3CB7BFA0}.Release|Any CPU.ActiveCfg = Release|Any CPU
		{CE387D6F-ABC5-42A8-BFC1-218C3CB7BFA0}.Release|Any CPU.Build.0 = Release|Any CPU
		{0A4C6B33-04F5-48AD-9A16-C995C2D84C4E}.Debug|Any CPU.ActiveCfg = Debug|Any CPU
		{0A4C6B33-04F5-48AD-9A16-C995C2D84C4E}.Debug|Any CPU.Build.0 = Debug|Any CPU
		{0A4C6B33-04F5-48AD-9A16-C995C2D84C4E}.Release|Any CPU.ActiveCfg = Release|Any CPU
		{0A4C6B33-04F5-48AD-9A16-C995C2D84C4E}.Release|Any CPU.Build.0 = Release|Any CPU
		{238C6B15-1D5F-4B4A-83F4-933A86165E84}.Debug|Any CPU.ActiveCfg = Debug|Any CPU
		{238C6B15-1D5F-4B4A-83F4-933A86165E84}.Debug|Any CPU.Build.0 = Debug|Any CPU
		{238C6B15-1D5F-4B4A-83F4-933A86165E84}.Release|Any CPU.ActiveCfg = Release|Any CPU
		{238C6B15-1D5F-4B4A-83F4-933A86165E84}.Release|Any CPU.Build.0 = Release|Any CPU
		{C42B657A-B224-4235-BCAF-0729A39D479B}.Debug|Any CPU.ActiveCfg = Debug|Any CPU
		{C42B657A-B224-4235-BCAF-0729A39D479B}.Debug|Any CPU.Build.0 = Debug|Any CPU
		{C42B657A-B224-4235-BCAF-0729A39D479B}.Release|Any CPU.ActiveCfg = Release|Any CPU
		{C42B657A-B224-4235-BCAF-0729A39D479B}.Release|Any CPU.Build.0 = Release|Any CPU
		{F4DEDD9F-8672-4040-B162-3A5FD15A2C51}.Debug|Any CPU.ActiveCfg = Debug|Any CPU
		{F4DEDD9F-8672-4040-B162-3A5FD15A2C51}.Debug|Any CPU.Build.0 = Debug|Any CPU
		{F4DEDD9F-8672-4040-B162-3A5FD15A2C51}.Release|Any CPU.ActiveCfg = Release|Any CPU
		{F4DEDD9F-8672-4040-B162-3A5FD15A2C51}.Release|Any CPU.Build.0 = Release|Any CPU
	EndGlobalSection
	GlobalSection(SolutionProperties) = preSolution
		HideSolutionNode = FALSE
	EndGlobalSection
	GlobalSection(NestedProjects) = preSolution
		{AB5E66CC-15D5-4438-A467-6AC6A86E21A3} = {EE4E770F-9FE8-433C-88AF-1B734F54B356}
		{CE387D6F-ABC5-42A8-BFC1-218C3CB7BFA0} = {707CFE21-048E-40DB-8B56-B45E20E9FD5D}
		{0A4C6B33-04F5-48AD-9A16-C995C2D84C4E} = {EC53EB4B-54C7-4719-B1A3-4A3111336102}
		{238C6B15-1D5F-4B4A-83F4-933A86165E84} = {EC53EB4B-54C7-4719-B1A3-4A3111336102}
		{C42B657A-B224-4235-BCAF-0729A39D479B} = {18B9FA94-7E19-4C67-B141-088A07C61586}
		{F4DEDD9F-8672-4040-B162-3A5FD15A2C51} = {1471A465-431B-4951-8989-A32CF0B46264}
	EndGlobalSection
	GlobalSection(ExtensibilityGlobals) = postSolution
		SolutionGuid = {6E1D628F-0A6F-4FD9-B149-296C524B30A9}
	EndGlobalSection
EndGlobal
